{
  "name": "mykoa",
  "version": "1.0.0",
  "lockfileVersion": 3,
  "requires": true,
  "packages": {
    "": {
      "name": "mykoa",
      "version": "1.0.0",
      "license": "ISC",
      "dependencies": {
        "@koa/router": "^13.1.0",
        "koa": "^2.14.1",
        "portfinder": "^1.0.32"
      },
      "devDependencies": {
        "@types/koa": "^2.15.0",
        "@types/koa__router": "^12.0.4"
      }
    },
    "node_modules/@koa/router": {
      "version": "13.1.0",
      "resolved": "https://mirrors.tools.huawei.com/npm/@koa/router/-/router-13.1.0.tgz",
      "integrity": "sha512-mNVu1nvkpSd8Q8gMebGbCkDWJ51ODetrFvLKYusej+V0ByD4btqHYnPIzTBLXnQMVUlm/oxVwqmWBY3zQfZilw==",
      "dependencies": {
        "http-errors": "^2.0.0",
        "koa-compose": "^4.1.0",
        "path-to-regexp": "^6.3.0"
      },
      "engines": {
        "node": ">= 18"
      }
    },
    "node_modules/@koa/router/node_modules/http-errors": {
      "version": "2.0.0",
      "resolved": "https://mirrors.tools.huawei.com/npm/http-errors/-/http-errors-2.0.0.tgz",
      "integrity": "sha512-FtwrG/euBzaEjYeRqOgly7G0qviiXoJWnvEH2Z1plBdXgbyjv34pHTSb9zoeHMyDy33+DWy5Wt9Wo+TURtOYSQ==",
      "dependencies": {
        "depd": "2.0.0",
        "inherits": "2.0.4",
        "setprototypeof": "1.2.0",
        "statuses": "2.0.1",
        "toidentifier": "1.0.1"
      },
      "engines": {
        "node": ">= 0.8"
      }
    },
    "node_modules/@koa/router/node_modules/statuses": {
      "version": "2.0.1",
      "resolved": "https://mirrors.tools.huawei.com/npm/statuses/-/statuses-2.0.1.tgz",
      "integrity": "sha512-RwNA9Z/7PrK06rYLIzFMlaF+l73iwpzsqRIFgbMLbTcLD6cOao82TaWefPXQvB2fOC4AjuYSEndS7N/mTCbkdQ==",
      "engines": {
        "node": ">= 0.8"
      }
    },
    "node_modules/@types/accepts": {
      "version": "1.3.7",
      "resolved": "https://mirrors.tools.huawei.com/npm/@types/accepts/-/accepts-1.3.7.tgz",
      "integrity": "sha512-Pay9fq2lM2wXPWbteBsRAGiWH2hig4ZE2asK+mm7kUzlxRTfL961rj89I6zV/E3PcIkDqyuBEcMxFT7rccugeQ==",
      "dev": true,
      "dependencies": {
        "@types/node": "*"
      }
    },
    "node_modules/@types/body-parser": {
      "version": "1.19.5",
      "resolved": "https://mirrors.tools.huawei.com/npm/@types/body-parser/-/body-parser-1.19.5.tgz",
      "integrity": "sha512-fB3Zu92ucau0iQ0JMCFQE7b/dv8Ot07NI3KaZIkIUNXq82k4eBAqUaneXfleGY9JWskeS9y+u0nXMyspcuQrCg==",
      "dev": true,
      "dependencies": {
        "@types/connect": "*",
        "@types/node": "*"
      }
    },
    "node_modules/@types/connect": {
      "version": "3.4.38",
      "resolved": "https://mirrors.tools.huawei.com/npm/@types/connect/-/connect-3.4.38.tgz",
      "integrity": "sha512-K6uROf1LD88uDQqJCktA4yzL1YYAK6NgfsI0v/mTgyPKWsX1CnJ0XPSDhViejru1GcRkLWb8RlzFYJRqGUbaug==",
      "dev": true,
      "dependencies": {
        "@types/node": "*"
      }
    },
    "node_modules/@types/content-disposition": {
      "version": "0.5.8",
      "resolved": "https://mirrors.tools.huawei.com/npm/@types/content-disposition/-/content-disposition-0.5.8.tgz",
      "integrity": "sha512-QVSSvno3dE0MgO76pJhmv4Qyi/j0Yk9pBp0Y7TJ2Tlj+KCgJWY6qX7nnxCOLkZ3VYRSIk1WTxCvwUSdx6CCLdg==",
      "dev": true
    },
    "node_modules/@types/cookies": {
      "version": "0.9.0",
      "resolved": "https://mirrors.tools.huawei.com/npm/@types/cookies/-/cookies-0.9.0.tgz",
      "integrity": "sha512-40Zk8qR147RABiQ7NQnBzWzDcjKzNrntB5BAmeGCb2p/MIyOE+4BVvc17wumsUqUw00bJYqoXFHYygQnEFh4/Q==",
      "dev": true,
      "dependencies": {
        "@types/connect": "*",
        "@types/express": "*",
        "@types/keygrip": "*",
        "@types/node": "*"
      }
    },
    "node_modules/@types/express": {
      "version": "5.0.0",
      "resolved": "https://mirrors.tools.huawei.com/npm/@types/express/-/express-5.0.0.tgz",
      "integrity": "sha512-DvZriSMehGHL1ZNLzi6MidnsDhUZM/x2pRdDIKdwbUNqqwHxMlRdkxtn6/EPKyqKpHqTl/4nRZsRNLpZxZRpPQ==",
      "dev": true,
      "dependencies": {
        "@types/body-parser": "*",
        "@types/express-serve-static-core": "^5.0.0",
        "@types/qs": "*",
        "@types/serve-static": "*"
      }
    },
    "node_modules/@types/express-serve-static-core": {
      "version": "5.0.2",
      "resolved": "https://mirrors.tools.huawei.com/npm/@types/express-serve-static-core/-/express-serve-static-core-5.0.2.tgz",
      "integrity": "sha512-vluaspfvWEtE4vcSDlKRNer52DvOGrB2xv6diXy6UKyKW0lqZiWHGNApSyxOv+8DE5Z27IzVvE7hNkxg7EXIcg==",
      "dev": true,
      "dependencies": {
        "@types/node": "*",
        "@types/qs": "*",
        "@types/range-parser": "*",
        "@types/send": "*"
      }
    },
    "node_modules/@types/http-assert": {
      "version": "1.5.6",
      "resolved": "https://mirrors.tools.huawei.com/npm/@types/http-assert/-/http-assert-1.5.6.tgz",
      "integrity": "sha512-TTEwmtjgVbYAzZYWyeHPrrtWnfVkm8tQkP8P21uQifPgMRgjrow3XDEYqucuC8SKZJT7pUnhU/JymvjggxO9vw==",
      "dev": true
    },
    "node_modules/@types/http-errors": {
      "version": "2.0.4",
      "resolved": "https://mirrors.tools.huawei.com/npm/@types/http-errors/-/http-errors-2.0.4.tgz",
      "integrity": "sha512-D0CFMMtydbJAegzOyHjtiKPLlvnm3iTZyZRSZoLq2mRhDdmLfIWOCYPfQJ4cu2erKghU++QvjcUjp/5h7hESpA==",
      "dev": true
    },
    "node_modules/@types/keygrip": {
      "version": "1.0.6",
      "resolved": "https://mirrors.tools.huawei.com/npm/@types/keygrip/-/keygrip-1.0.6.tgz",
      "integrity": "sha512-lZuNAY9xeJt7Bx4t4dx0rYCDqGPW8RXhQZK1td7d4H6E9zYbLoOtjBvfwdTKpsyxQI/2jv+armjX/RW+ZNpXOQ==",
      "dev": true
    },
    "node_modules/@types/koa": {
      "version": "2.15.0",
      "resolved": "https://mirrors.tools.huawei.com/npm/@types/koa/-/koa-2.15.0.tgz",
      "integrity": "sha512-7QFsywoE5URbuVnG3loe03QXuGajrnotr3gQkXcEBShORai23MePfFYdhz90FEtBBpkyIYQbVD+evKtloCgX3g==",
      "dev": true,
      "dependencies": {
        "@types/accepts": "*",
        "@types/content-disposition": "*",
        "@types/cookies": "*",
        "@types/http-assert": "*",
        "@types/http-errors": "*",
        "@types/keygrip": "*",
        "@types/koa-compose": "*",
        "@types/node": "*"
      }
    },
    "node_modules/@types/koa__router": {
      "version": "12.0.4",
      "resolved": "https://mirrors.tools.huawei.com/npm/@types/koa__router/-/koa__router-12.0.4.tgz",
      "integrity": "sha512-Y7YBbSmfXZpa/m5UGGzb7XadJIRBRnwNY9cdAojZGp65Cpe5MAP3mOZE7e3bImt8dfKS4UFcR16SLH8L/z7PBw==",
      "dev": true,
      "dependencies": {
        "@types/koa": "*"
      }
    },
    "node_modules/@types/koa-compose": {
      "version": "3.2.8",
      "resolved": "https://mirrors.tools.huawei.com/npm/@types/koa-compose/-/koa-compose-3.2.8.tgz",
      "integrity": "sha512-4Olc63RY+MKvxMwVknCUDhRQX1pFQoBZ/lXcRLP69PQkEpze/0cr8LNqJQe5NFb/b19DWi2a5bTi2VAlQzhJuA==",
      "dev": true,
      "dependencies": {
        "@types/koa": "*"
      }
    },
    "node_modules/@types/mime": {
      "version": "1.3.5",
      "resolved": "https://mirrors.tools.huawei.com/npm/@types/mime/-/mime-1.3.5.tgz",
      "integrity": "sha512-/pyBZWSLD2n0dcHE3hq8s8ZvcETHtEuF+3E7XVt0Ig2nvsVQXdghHVcEkIWjy9A0wKfTn97a/PSDYohKIlnP/w==",
      "dev": true
    },
    "node_modules/@types/node": {
      "version": "22.10.2",
      "resolved": "https://mirrors.tools.huawei.com/npm/@types/node/-/node-22.10.2.tgz",
      "integrity": "sha512-Xxr6BBRCAOQixvonOye19wnzyDiUtTeqldOOmj3CkeblonbccA12PFwlufvRdrpjXxqnmUaeiU5EOA+7s5diUQ==",
      "dev": true,
      "dependencies": {
        "undici-types": "~6.20.0"
      }
    },
    "node_modules/@types/qs": {
      "version": "6.9.17",
      "resolved": "https://mirrors.tools.huawei.com/npm/@types/qs/-/qs-6.9.17.tgz",
      "integrity": "sha512-rX4/bPcfmvxHDv0XjfJELTTr+iB+tn032nPILqHm5wbthUUUuVtNGGqzhya9XUxjTP8Fpr0qYgSZZKxGY++svQ==",
      "dev": true
    },
    "node_modules/@types/range-parser": {
      "version": "1.2.7",
      "resolved": "https://mirrors.tools.huawei.com/npm/@types/range-parser/-/range-parser-1.2.7.tgz",
      "integrity": "sha512-hKormJbkJqzQGhziax5PItDUTMAM9uE2XXQmM37dyd4hVM+5aVl7oVxMVUiVQn2oCQFN/LKCZdvSM0pFRqbSmQ==",
      "dev": true
    },
    "node_modules/@types/send": {
      "version": "0.17.4",
      "resolved": "https://mirrors.tools.huawei.com/npm/@types/send/-/send-0.17.4.tgz",
      "integrity": "sha512-x2EM6TJOybec7c52BX0ZspPodMsQUd5L6PRwOunVyVUhXiBSKf3AezDL8Dgvgt5o0UfKNfuA0eMLr2wLT4AiBA==",
      "dev": true,
      "dependencies": {
        "@types/mime": "^1",
        "@types/node": "*"
      }
    },
    "node_modules/@types/serve-static": {
      "version": "1.15.7",
      "resolved": "https://mirrors.tools.huawei.com/npm/@types/serve-static/-/serve-static-1.15.7.tgz",
      "integrity": "sha512-W8Ym+h8nhuRwaKPaDw34QUkwsGi6Rc4yYqvKFo5rm2FUEhCFbzVWrxXUxuKK8TASjWsysJY0nsmNCGhCOIsrOw==",
      "dev": true,
      "dependencies": {
        "@types/http-errors": "*",
        "@types/node": "*",
        "@types/send": "*"
      }
    },
    "node_modules/accepts": {
      "version": "1.3.8",
      "resolved": "https://npm.cloudartifact.dgg.dragon.tools.huawei.com/artifactory/api/npm/npm-it-public/accepts/-/accepts-1.3.8.tgz",
      "integrity": "sha1-C/C+EltnAUrcsLCSHmLbe//hay4=",
      "license": "MIT",
      "dependencies": {
        "mime-types": "~2.1.34",
        "negotiator": "0.6.3"
      },
      "engines": {
        "node": ">= 0.6"
      }
    },
    "node_modules/async": {
      "version": "2.6.4",
      "resolved": "https://mirrors.tools.huawei.com/npm/async/-/async-2.6.4.tgz",
      "integrity": "sha512-mzo5dfJYwAn29PeiJ0zvwTo04zj8HDJj0Mn8TD7sno7q12prdbnasKJHhkm2c1LgrhlJ0teaea8860oxi51mGA==",
      "dependencies": {
        "lodash": "^4.17.14"
      }
    },
    "node_modules/cache-content-type": {
      "version": "1.0.1",
      "resolved": "https://npm.cloudartifact.dgg.dragon.tools.huawei.com/artifactory/api/npm/npm-it-public/cache-content-type/1.0.1/cache-content-type-1.0.1.tgz",
      "integrity": "sha1-A1zeKwjuISn0qDFeqPAKANuhRTw=",
      "license": "MIT",
      "dependencies": {
        "mime-types": "^2.1.18",
        "ylru": "^1.2.0"
      },
      "engines": {
        "node": ">= 6.0.0"
      }
    },
    "node_modules/co": {
      "version": "4.6.0",
      "resolved": "https://npm.cloudartifact.dgg.dragon.tools.huawei.com/artifactory/api/npm/npm-it-public/co/4.6.0/co-4.6.0.tgz",
      "integrity": "sha1-bqa989hTrlTMuOR7+gvz+QMfsYQ=",
      "license": "MIT",
      "engines": {
        "iojs": ">= 1.0.0",
        "node": ">= 0.12.0"
      }
    },
    "node_modules/content-disposition": {
      "version": "0.5.4",
      "resolved": "https://npm.cloudartifact.dgg.dragon.tools.huawei.com/artifactory/api/npm/npm-it-public/content-disposition/-/content-disposition-0.5.4.tgz",
      "integrity": "sha1-i4K076yCUSoCuwsdzsnSxejrW/4=",
      "license": "MIT",
      "dependencies": {
        "safe-buffer": "5.2.1"
      },
      "engines": {
        "node": ">= 0.6"
      }
    },
    "node_modules/content-type": {
      "version": "1.0.5",
      "resolved": "https://npm.cloudartifact.dgg.dragon.tools.huawei.com/artifactory/api/npm/npm-it-public/content-type/-/content-type-1.0.5.tgz",
      "integrity": "sha1-i3cxYmVtHRCGeEyPI6VM5tc9eRg=",
      "license": "MIT",
      "engines": {
        "node": ">= 0.6"
      }
    },
    "node_modules/cookies": {
      "version": "0.8.0",
      "resolved": "https://npm.cloudartifact.dgg.dragon.tools.huawei.com/artifactory/api/npm/npm-it-public/cookies/0.8.0/cookies-0.8.0.tgz",
      "integrity": "sha1-EpPOSzkXQKhAbjyYcOgoxLVPP5A=",
      "license": "MIT",
      "dependencies": {
        "depd": "~2.0.0",
        "keygrip": "~1.1.0"
      },
      "engines": {
        "node": ">= 0.8"
      }
    },
    "node_modules/debug": {
      "version": "4.3.4",
      "resolved": "https://npm.cloudartifact.dgg.dragon.tools.huawei.com/artifactory/api/npm/npm-it-public/debug/-/debug-4.3.4.tgz",
      "integrity": "sha1-Exn2V5NX8jONMzfSzdSRS7XcyGU=",
      "license": "MIT",
      "dependencies": {
        "ms": "2.1.2"
      },
      "engines": {
        "node": ">=6.0"
      },
      "peerDependenciesMeta": {
        "supports-color": {
          "optional": true
        }
      }
    },
    "node_modules/deep-equal": {
      "version": "1.0.1",
      "resolved": "https://npm.cloudartifact.dgg.dragon.tools.huawei.com/artifactory/api/npm/npm-it-public/deep-equal/1.0.1/deep-equal-1.0.1.tgz",
      "integrity": "sha1-9dJgKStmDghO/0zbyfCK0yR0SLU=",
      "license": "MIT"
    },
    "node_modules/delegates": {
      "version": "1.0.0",
      "resolved": "https://npm.cloudartifact.dgg.dragon.tools.huawei.com/artifactory/api/npm/npm-it-public/delegates/1.0.0/delegates-1.0.0.tgz",
      "integrity": "sha1-hMbhWbgZBP3KWaDvRM2HDTElD5o=",
      "license": "MIT"
    },
    "node_modules/depd": {
      "version": "2.0.0",
      "resolved": "https://npm.cloudartifact.dgg.dragon.tools.huawei.com/artifactory/api/npm/npm-it-public/depd/2.0.0/depd-2.0.0.tgz",
      "integrity": "sha1-tpYWPMdXVg0JzyLMj60Vcbeedt8=",
      "license": "MIT",
      "engines": {
        "node": ">= 0.8"
      }
    },
    "node_modules/destroy": {
      "version": "1.2.0",
      "resolved": "https://npm.cloudartifact.dgg.dragon.tools.huawei.com/artifactory/api/npm/npm-it-public/destroy/-/destroy-1.2.0.tgz",
      "integrity": "sha1-SANzVQmti+VSk0xn32FPlOZvoBU=",
      "license": "MIT",
      "engines": {
        "node": ">= 0.8",
        "npm": "1.2.8000 || >= 1.4.16"
      }
    },
    "node_modules/ee-first": {
      "version": "1.1.1",
      "resolved": "https://npm.cloudartifact.dgg.dragon.tools.huawei.com/artifactory/api/npm/npm-it-public/ee-first/1.1.1/ee-first-1.1.1.tgz",
      "integrity": "sha1-WQxhFWsK4vTwJVcyoViyZrxWsh0=",
      "license": "MIT"
    },
    "node_modules/encodeurl": {
      "version": "1.0.2",
      "resolved": "https://npm.cloudartifact.dgg.dragon.tools.huawei.com/artifactory/api/npm/npm-it-public/encodeurl/1.0.2/encodeurl-1.0.2.tgz",
      "integrity": "sha1-rT/0yG7C0CkyL1oCw6mmBslbP1k=",
      "license": "MIT",
      "engines": {
        "node": ">= 0.8"
      }
    },
    "node_modules/escape-html": {
      "version": "1.0.3",
      "resolved": "https://npm.cloudartifact.dgg.dragon.tools.huawei.com/artifactory/api/npm/npm-it-public/escape-html/1.0.3/escape-html-1.0.3.tgz",
      "integrity": "sha1-Aljq5NPQwJdN4cFpGI7wBR0dGYg=",
      "license": "MIT"
    },
    "node_modules/fresh": {
      "version": "0.5.2",
      "resolved": "https://npm.cloudartifact.dgg.dragon.tools.huawei.com/artifactory/api/npm/npm-it-public/fresh/0.5.2/fresh-0.5.2.tgz",
      "integrity": "sha1-PYyt2Q2XZWn6g1qx+OSyOhBWBac=",
      "license": "MIT",
      "engines": {
        "node": ">= 0.6"
      }
    },
    "node_modules/has-symbols": {
      "version": "1.0.3",
      "resolved": "https://npm.cloudartifact.dgg.dragon.tools.huawei.com/artifactory/api/npm/npm-it-public/has-symbols/-/has-symbols-1.0.3.tgz",
      "integrity": "sha1-u3ssQ0klHc6HsSX3vfh0qnyLOfg=",
      "license": "MIT",
      "engines": {
        "node": ">= 0.4"
      },
      "funding": {
        "url": "https://github.com/sponsors/ljharb"
      }
    },
    "node_modules/has-tostringtag": {
      "version": "1.0.0",
      "resolved": "https://npm.cloudartifact.dgg.dragon.tools.huawei.com/artifactory/api/npm/npm-it-public/has-tostringtag/-/has-tostringtag-1.0.0.tgz",
      "integrity": "sha1-fhM4GKfTlHNPlB5zw9P5KR5liyU=",
      "license": "MIT",
      "dependencies": {
        "has-symbols": "^1.0.2"
      },
      "engines": {
        "node": ">= 0.4"
      },
      "funding": {
        "url": "https://github.com/sponsors/ljharb"
      }
    },
    "node_modules/http-assert": {
      "version": "1.5.0",
      "resolved": "https://npm.cloudartifact.dgg.dragon.tools.huawei.com/artifactory/api/npm/npm-it-public/http-assert/-/http-assert-1.5.0.tgz",
      "integrity": "sha1-w4nM2HrBbtLfpiRv1zuSaqAOa48=",
      "license": "MIT",
      "dependencies": {
        "deep-equal": "~1.0.1",
        "http-errors": "~1.8.0"
      },
      "engines": {
        "node": ">= 0.8"
      }
    },
    "node_modules/http-errors": {
      "version": "1.8.1",
      "resolved": "https://npm.cloudartifact.dgg.dragon.tools.huawei.com/artifactory/api/npm/npm-it-public/http-errors/-/http-errors-1.8.1.tgz",
      "integrity": "sha1-fD8oV3y8iiBziEVdvWIpXtB71ow=",
      "license": "MIT",
      "dependencies": {
        "depd": "~1.1.2",
        "inherits": "2.0.4",
        "setprototypeof": "1.2.0",
        "statuses": ">= 1.5.0 < 2",
        "toidentifier": "1.0.1"
      },
      "engines": {
        "node": ">= 0.6"
      }
    },
    "node_modules/http-errors/node_modules/depd": {
      "version": "1.1.2",
      "resolved": "https://npm.cloudartifact.dgg.dragon.tools.huawei.com/artifactory/api/npm/npm-it-public/depd/1.1.2/depd-1.1.2.tgz",
      "integrity": "sha1-m81S4UwJd2PnSbJ0xDRu0uVgtak=",
      "license": "MIT",
      "engines": {
        "node": ">= 0.6"
      }
    },
    "node_modules/inherits": {
      "version": "2.0.4",
      "resolved": "https://npm.cloudartifact.dgg.dragon.tools.huawei.com/artifactory/api/npm/npm-it-public/inherits/2.0.4/inherits-2.0.4.tgz",
      "integrity": "sha1-D6LGT5MpF8NDOg3tVTY6rjdBa3w=",
      "license": "ISC"
    },
    "node_modules/is-generator-function": {
      "version": "1.0.10",
      "resolved": "https://npm.cloudartifact.dgg.dragon.tools.huawei.com/artifactory/api/npm/npm-it-public/is-generator-function/-/is-generator-function-1.0.10.tgz",
      "integrity": "sha1-8VWLrxrBfg3up8BBXEODUf8rPHI=",
      "license": "MIT",
      "dependencies": {
        "has-tostringtag": "^1.0.0"
      },
      "engines": {
        "node": ">= 0.4"
      },
      "funding": {
        "url": "https://github.com/sponsors/ljharb"
      }
    },
    "node_modules/keygrip": {
      "version": "1.1.0",
      "resolved": "https://npm.cloudartifact.dgg.dragon.tools.huawei.com/artifactory/api/npm/npm-it-public/keygrip/1.1.0/keygrip-1.1.0.tgz",
      "integrity": "sha1-hxsWgdXhWcYqRFsMdLYV4JF+ciY=",
      "license": "MIT",
      "dependencies": {
        "tsscmp": "1.0.6"
      },
      "engines": {
        "node": ">= 0.6"
      }
    },
    "node_modules/koa": {
      "version": "2.14.1",
      "resolved": "https://npm.cloudartifact.dgg.dragon.tools.huawei.com/artifactory/api/npm/npm-it-public/koa/-/koa-2.14.1.tgz",
      "integrity": "sha1-3vuViSl9jrGFmTbnd/P+7Pwmklw=",
      "license": "MIT",
      "dependencies": {
        "accepts": "^1.3.5",
        "cache-content-type": "^1.0.0",
        "content-disposition": "~0.5.2",
        "content-type": "^1.0.4",
        "cookies": "~0.8.0",
        "debug": "^4.3.2",
        "delegates": "^1.0.0",
        "depd": "^2.0.0",
        "destroy": "^1.0.4",
        "encodeurl": "^1.0.2",
        "escape-html": "^1.0.3",
        "fresh": "~0.5.2",
        "http-assert": "^1.3.0",
        "http-errors": "^1.6.3",
        "is-generator-function": "^1.0.7",
        "koa-compose": "^4.1.0",
        "koa-convert": "^2.0.0",
        "on-finished": "^2.3.0",
        "only": "~0.0.2",
        "parseurl": "^1.3.2",
        "statuses": "^1.5.0",
        "type-is": "^1.6.16",
        "vary": "^1.1.2"
      },
      "engines": {
        "node": "^4.8.4 || ^6.10.1 || ^7.10.1 || >= 8.1.4"
      }
    },
    "node_modules/koa-compose": {
      "version": "4.2.0",
      "resolved": "https://npm.cloudartifact.dgg.dragon.tools.huawei.com/artifactory/api/npm/npm-it-public/koa-compose/4.2.0/koa-compose-4.2.0.tgz",
      "integrity": "sha1-2O047dGO1BIiAr/Ks/1Wi4VaYyg=",
      "deprecated": "koa-compose@4.2.0 is a breaking version, please either use <= v4.1 or upgrade to v5.x once it is released",
      "license": "MIT"
    },
    "node_modules/koa-convert": {
      "version": "2.0.0",
      "resolved": "https://npm.cloudartifact.dgg.dragon.tools.huawei.com/artifactory/api/npm/npm-it-public/koa-convert/-/koa-convert-2.0.0.tgz",
      "integrity": "sha1-hqDETYHUBVG64i/uZwmQRXPupPU=",
      "license": "MIT",
      "dependencies": {
        "co": "^4.6.0",
        "koa-compose": "^4.1.0"
      },
      "engines": {
        "node": ">= 10"
      }
    },
    "node_modules/lodash": {
      "version": "4.17.21",
      "resolved": "https://mirrors.tools.huawei.com/npm/lodash/-/lodash-4.17.21.tgz",
      "integrity": "sha512-v2kDEe57lecTulaDIuNTPy3Ry4gLGJ6Z1O3vE1krgXZNrsQ+LFTGHVxVjcXPs17LhbZVGedAJv8XZ1tvj5FvSg=="
    },
    "node_modules/media-typer": {
      "version": "0.3.0",
      "resolved": "https://npm.cloudartifact.dgg.dragon.tools.huawei.com/artifactory/api/npm/npm-it-public/media-typer/0.3.0/media-typer-0.3.0.tgz",
      "integrity": "sha1-hxDXrwqmJvj/+hzgAWhUUmMlV0g=",
      "license": "MIT",
      "engines": {
        "node": ">= 0.6"
      }
    },
    "node_modules/mime-db": {
      "version": "1.52.0",
      "resolved": "https://npm.cloudartifact.dgg.dragon.tools.huawei.com/artifactory/api/npm/npm-it-public/mime-db/-/mime-db-1.52.0.tgz",
      "integrity": "sha1-u6vNwChZ9JhzAchW4zh85exDv3A=",
      "license": "MIT",
      "engines": {
        "node": ">= 0.6"
      }
    },
    "node_modules/mime-types": {
      "version": "2.1.35",
      "resolved": "https://npm.cloudartifact.dgg.dragon.tools.huawei.com/artifactory/api/npm/npm-it-public/mime-types/-/mime-types-2.1.35.tgz",
      "integrity": "sha1-OBqHG2KnNEUGYK497uRIE/cNlZo=",
      "license": "MIT",
      "dependencies": {
        "mime-db": "1.52.0"
      },
      "engines": {
        "node": ">= 0.6"
      }
    },
    "node_modules/minimist": {
      "version": "1.2.8",
      "resolved": "https://mirrors.tools.huawei.com/npm/minimist/-/minimist-1.2.8.tgz",
      "integrity": "sha512-2yyAR8qBkN3YuheJanUpWC5U3bb5osDywNB8RzDVlDwDHbocAJveqqj1u8+SVD7jkWT4yvsHCpWqqWqAxb0zCA==",
      "funding": {
        "url": "https://github.com/sponsors/ljharb"
      }
    },
    "node_modules/mkdirp": {
      "version": "0.5.6",
      "resolved": "https://mirrors.tools.huawei.com/npm/mkdirp/-/mkdirp-0.5.6.tgz",
      "integrity": "sha512-FP+p8RB8OWpF3YZBCrP5gtADmtXApB5AMLn+vdyA+PyxCjrCs00mjyUozssO33cwDeT3wNGdLxJ5M//YqtHAJw==",
      "dependencies": {
        "minimist": "^1.2.6"
      },
      "bin": {
        "mkdirp": "bin/cmd.js"
      }
    },
    "node_modules/ms": {
      "version": "2.1.2",
      "resolved": "https://npm.cloudartifact.dgg.dragon.tools.huawei.com/artifactory/api/npm/npm-it-public/ms/2.1.2/ms-2.1.2.tgz",
      "integrity": "sha1-0J0fNXtEP0kzgqjrPM0YOHKuYAk=",
      "license": "MIT"
    },
    "node_modules/negotiator": {
      "version": "0.6.3",
      "resolved": "https://npm.cloudartifact.dgg.dragon.tools.huawei.com/artifactory/api/npm/npm-it-public/negotiator/-/negotiator-0.6.3.tgz",
      "integrity": "sha1-WOMjpy/twNb5zU0x/kn1FHlZDM0=",
      "license": "MIT",
      "engines": {
        "node": ">= 0.6"
      }
    },
    "node_modules/on-finished": {
      "version": "2.4.1",
      "resolved": "https://npm.cloudartifact.dgg.dragon.tools.huawei.com/artifactory/api/npm/npm-it-public/on-finished/-/on-finished-2.4.1.tgz",
      "integrity": "sha1-WMjEQRblSEWtV/FKsQsDUzGErD8=",
      "license": "MIT",
      "dependencies": {
        "ee-first": "1.1.1"
      },
      "engines": {
        "node": ">= 0.8"
      }
    },
    "node_modules/only": {
      "version": "0.0.2",
      "resolved": "https://npm.cloudartifact.dgg.dragon.tools.huawei.com/artifactory/api/npm/npm-it-public/only/0.0.2/only-0.0.2.tgz",
      "integrity": "sha1-Kv3oTQPlC5qO3EROMGEKcCle37Q="
    },
    "node_modules/parseurl": {
      "version": "1.3.3",
      "resolved": "https://npm.cloudartifact.dgg.dragon.tools.huawei.com/artifactory/api/npm/npm-it-public/parseurl/1.3.3/parseurl-1.3.3.tgz",
      "integrity": "sha1-naGee+6NEt/wUT7Vt2lXeTvC6NQ=",
      "license": "MIT",
      "engines": {
        "node": ">= 0.8"
      }
    },
    "node_modules/path-to-regexp": {
      "version": "6.3.0",
      "resolved": "https://mirrors.tools.huawei.com/npm/path-to-regexp/-/path-to-regexp-6.3.0.tgz",
      "integrity": "sha512-Yhpw4T9C6hPpgPeA28us07OJeqZ5EzQTkbfwuhsUg0c237RomFoETJgmp2sa3F/41gfLE6G5cqcYwznmeEeOlQ=="
    },
    "node_modules/portfinder": {
      "version": "1.0.32",
      "resolved": "https://mirrors.tools.huawei.com/npm/portfinder/-/portfinder-1.0.32.tgz",
      "integrity": "sha512-on2ZJVVDXRADWE6jnQaX0ioEylzgBpQk8r55NE4wjXW1ZxO+BgDlY6DXwj20i0V8eB4SenDQ00WEaxfiIQPcxg==",
      "dependencies": {
        "async": "^2.6.4",
        "debug": "^3.2.7",
        "mkdirp": "^0.5.6"
      },
      "engines": {
        "node": ">= 0.12.0"
      }
    },
    "node_modules/portfinder/node_modules/debug": {
      "version": "3.2.7",
      "resolved": "https://mirrors.tools.huawei.com/npm/debug/-/debug-3.2.7.tgz",
      "integrity": "sha512-CFjzYYAi4ThfiQvizrFQevTTXHtnCqWfe7x1AhgEscTz6ZbLbfoLRLPugTQyBth6f8ZERVUSyWHFD/7Wu4t1XQ==",
      "dependencies": {
        "ms": "^2.1.1"
      }
    },
    "node_modules/safe-buffer": {
      "version": "5.2.1",
      "resolved": "https://npm.cloudartifact.dgg.dragon.tools.huawei.com/artifactory/api/npm/npm-it-public/safe-buffer/5.2.1/safe-buffer-5.2.1.tgz",
      "integrity": "sha1-Hq+fqb2x/dTsdfWPnNtOa3gn7sY=",
      "funding": [
        {
          "type": "github",
          "url": "https://github.com/sponsors/feross"
        },
        {
          "type": "patreon",
          "url": "https://www.patreon.com/feross"
        },
        {
          "type": "consulting",
          "url": "https://feross.org/support"
        }
      ],
      "license": "MIT"
    },
    "node_modules/setprototypeof": {
      "version": "1.2.0",
      "resolved": "https://npm.cloudartifact.dgg.dragon.tools.huawei.com/artifactory/api/npm/npm-it-public/setprototypeof/1.2.0/setprototypeof-1.2.0.tgz",
      "integrity": "sha1-ZsmiSnP5/CjL5msJ/tPTPcrxtCQ=",
      "license": "ISC"
    },
    "node_modules/statuses": {
      "version": "1.5.0",
      "resolved": "https://npm.cloudartifact.dgg.dragon.tools.huawei.com/artifactory/api/npm/npm-it-public/statuses/1.5.0/statuses-1.5.0.tgz",
      "integrity": "sha1-Fhx9rBd2Wf2YEfQ3cfqZOBR4Yow=",
      "license": "MIT",
      "engines": {
        "node": ">= 0.6"
      }
    },
    "node_modules/toidentifier": {
      "version": "1.0.1",
      "resolved": "https://npm.cloudartifact.dgg.dragon.tools.huawei.com/artifactory/api/npm/npm-it-public/toidentifier/-/toidentifier-1.0.1.tgz",
      "integrity": "sha1-O+NDIaiKgg7RvYDfqjPkefu43TU=",
      "license": "MIT",
      "engines": {
        "node": ">=0.6"
      }
    },
    "node_modules/tsscmp": {
      "version": "1.0.6",
      "resolved": "https://npm.cloudartifact.dgg.dragon.tools.huawei.com/artifactory/api/npm/npm-it-public/tsscmp/1.0.6/tsscmp-1.0.6.tgz",
      "integrity": "sha1-hbmVg6w1iexL/vgltQAKqRHWBes=",
      "license": "MIT",
      "engines": {
        "node": ">=0.6.x"
      }
    },
    "node_modules/type-is": {
      "version": "1.6.18",
      "resolved": "https://npm.cloudartifact.dgg.dragon.tools.huawei.com/artifactory/api/npm/npm-it-public/type-is/1.6.18/type-is-1.6.18.tgz",
      "integrity": "sha1-TlUs0F3wlGfcvE73Od6J8s83wTE=",
      "license": "MIT",
      "dependencies": {
        "media-typer": "0.3.0",
        "mime-types": "~2.1.24"
      },
      "engines": {
        "node": ">= 0.6"
      }
    },
    "node_modules/undici-types": {
      "version": "6.20.0",
      "resolved": "https://mirrors.tools.huawei.com/npm/undici-types/-/undici-types-6.20.0.tgz",
      "integrity": "sha512-Ny6QZ2Nju20vw1SRHe3d9jVu6gJ+4e3+MMpqu7pqE5HT6WsTSlce++GQmK5UXS8mzV8DSYHrQH+Xrf2jVcuKNg==",
      "dev": true
    },
    "node_modules/vary": {
      "version": "1.1.2",
      "resolved": "https://npm.cloudartifact.dgg.dragon.tools.huawei.com/artifactory/api/npm/npm-it-public/vary/1.1.2/vary-1.1.2.tgz",
      "integrity": "sha1-IpnwLG3tMNSllhsLn3RSShj2NPw=",
      "license": "MIT",
      "engines": {
        "node": ">= 0.8"
      }
    },
    "node_modules/ylru": {
      "version": "1.3.2",
      "resolved": "https://npm.cloudartifact.dgg.dragon.tools.huawei.com/artifactory/api/npm/npm-it-public/ylru/-/ylru-1.3.2.tgz",
      "integrity": "sha1-DeSAF0cydaTL38g6Hq9nwBr4p4U=",
      "license": "MIT",
      "engines": {
        "node": ">= 4.0.0"
      }
    }
  }
}
